<?xml version="1.0" encoding="utf-8"?>
<Project ToolsVersion="4.0" xmlns="http://schemas.microsoft.com/developer/msbuild/2003">
  <ItemGroup>
    <Filter Include="소스 파일">
      <UniqueIdentifier>{4FC737F1-C7A5-4376-A066-2A32D752A2FF}</UniqueIdentifier>
      <Extensions>cpp;c;cc;cxx;c++;cppm;ixx;def;odl;idl;hpj;bat;asm;asmx</Extensions>
    </Filter>
    <Filter Include="헤더 파일">
      <UniqueIdentifier>{93995380-89BD-4b04-88EB-625FBE52EBFB}</UniqueIdentifier>
      <Extensions>h;hh;hpp;hxx;h++;hm;inl;inc;ipp;xsd</Extensions>
    </Filter>
    <Filter Include="리소스 파일">
      <UniqueIdentifier>{67DA6AB6-F800-4c08-8B7A-83BB121AAD01}</UniqueIdentifier>
      <Extensions>rc;ico;cur;bmp;dlg;rc2;rct;bin;rgs;gif;jpg;jpeg;jpe;resx;tiff;tif;png;wav;mfcribbon-ms</Extensions>
    </Filter>
    <Filter Include="소스 파일\1">
      <UniqueIdentifier>{122ec65e-71a3-4d02-a4e7-617753b3a107}</UniqueIdentifier>
    </Filter>
    <Filter Include="소스 파일\2">
      <UniqueIdentifier>{8540ba4e-48f7-40c7-a0c7-33b01524d8f9}</UniqueIdentifier>
    </Filter>
    <Filter Include="소스 파일\3">
      <UniqueIdentifier>{f36a40a0-7ef4-4dca-965d-e192bc563d0f}</UniqueIdentifier>
    </Filter>
  </ItemGroup>
  <ItemGroup>
    <ClCompile Include="1-1_125. Valid Palindrome.cpp">
      <Filter>소스 파일\1</Filter>
    </ClCompile>
    <ClCompile Include="1-2_344. Reverse String.cpp">
      <Filter>소스 파일\1</Filter>
    </ClCompile>
    <ClCompile Include="11_238. Product of Array Except Self.cpp">
      <Filter>소스 파일\1</Filter>
    </ClCompile>
    <ClCompile Include="1-3_937. Reorder Data in Log Files_.cpp">
      <Filter>소스 파일\1</Filter>
    </ClCompile>
    <ClCompile Include="1-4_819. Most Common Word.cpp">
      <Filter>소스 파일\1</Filter>
    </ClCompile>
    <ClCompile Include="1-5_49. Group Anagrams.cpp">
      <Filter>소스 파일\1</Filter>
    </ClCompile>
    <ClCompile Include="1-6_5. Longest Palindromic Substring.cpp">
      <Filter>소스 파일\1</Filter>
    </ClCompile>
    <ClCompile Include="1-7_1. Two Sum.cpp">
      <Filter>소스 파일\1</Filter>
    </ClCompile>
    <ClCompile Include="1-8_42. Trapping Rain Water.cpp">
      <Filter>소스 파일\1</Filter>
    </ClCompile>
    <ClCompile Include="1-9_561. Array Partition.cpp">
      <Filter>소스 파일\1</Filter>
    </ClCompile>
    <ClCompile Include="1-10_238. Product of Array Except Self.cpp">
      <Filter>소스 파일\1</Filter>
    </ClCompile>
    <ClCompile Include="12_121. Best Time to Buy and Sell Stock.cpp">
      <Filter>소스 파일\1</Filter>
    </ClCompile>
    <ClCompile Include="2-1.cpp">
      <Filter>소스 파일\2</Filter>
    </ClCompile>
    <ClCompile Include="2-2.cpp">
      <Filter>소스 파일\2</Filter>
    </ClCompile>
    <ClCompile Include="2-3.cpp">
      <Filter>소스 파일\2</Filter>
    </ClCompile>
    <ClCompile Include="2-4.cpp">
      <Filter>소스 파일\2</Filter>
    </ClCompile>
    <ClCompile Include="2-5.cpp">
      <Filter>소스 파일\2</Filter>
    </ClCompile>
    <ClCompile Include="2-6.cpp">
      <Filter>소스 파일\2</Filter>
    </ClCompile>
    <ClCompile Include="2-7.cpp">
      <Filter>소스 파일\2</Filter>
    </ClCompile>
    <ClCompile Include="3-1.cpp">
      <Filter>소스 파일\3</Filter>
    </ClCompile>
    <ClCompile Include="3-3.cpp">
      <Filter>소스 파일\3</Filter>
    </ClCompile>
    <ClCompile Include="3-4.cpp">
      <Filter>소스 파일\3</Filter>
    </ClCompile>
    <ClCompile Include="3-4-2.cpp">
      <Filter>소스 파일\3</Filter>
    </ClCompile>
  </ItemGroup>
</Project>